
Microsoft Visual Studio Solution File, Format Version 12.00
# Visual Studio Version 17
VisualStudioVersion = 17.0.32014.148
MinimumVisualStudioVersion = 10.0.40219.1
Project("{FAE04EC0-301F-11D3-BF4B-00C04F79EFBC}") = "Portfolio", "Portfolio\Portfolio.csproj", "{AE4AB006-F460-4594-AE5D-D2ACC0228038}"
EndProject
Global
	GlobalSection(SolutionConfigurationPlatforms) = preSolution
		Debug|Any CPU = Debug|Any CPU
		Release|Any CPU = Release|Any CPU
	EndGlobalSection
	GlobalSection(ProjectConfigurationPlatforms) = postSolution
		{AE4AB006-F460-4594-AE5D-D2ACC0228038}.Debug|Any CPU.ActiveCfg = Debug|Any CPU
		{AE4AB006-F460-4594-AE5D-D2ACC0228038}.Debug|Any CPU.Build.0 = Debug|Any CPU
		{AE4AB006-F460-4594-AE5D-D2ACC0228038}.Release|Any CPU.ActiveCfg = Release|Any CPU
		{AE4AB006-F460-4594-AE5D-D2ACC0228038}.Release|Any CPU.Build.0 = Release|Any CPU
	EndGlobalSection
	GlobalSection(SolutionProperties) = preSolution
		HideSolutionNode = FALSE
	EndGlobalSection
	GlobalSection(ExtensibilityGlobals) = postSolution
		SolutionGuid = {A67278AA-E4E5-4A39-8DFA-96D4F53C80C3}
	EndGlobalSection
EndGlobal
